
Microsoft Visual Studio Solution File, Format Version 12.00
# Visual Studio Version 17
VisualStudioVersion = 17.0.31919.166
MinimumVisualStudioVersion = 10.0.40219.1
Project("{FAE04EC0-301F-11D3-BF4B-00C04F79EFBC}") = "StandupEngine", "StandupEngine\StandupEngine.csproj", "{FDF5DBAD-FA13-46E0-B68D-238FE440C2E5}"
EndProject
Global
	GlobalSection(SolutionConfigurationPlatforms) = preSolution
		Debug|Any CPU = Debug|Any CPU
		Release|Any CPU = Release|Any CPU
	EndGlobalSection
	GlobalSection(ProjectConfigurationPlatforms) = postSolution
		{FDF5DBAD-FA13-46E0-B68D-238FE440C2E5}.Debug|Any CPU.ActiveCfg = Debug|Any CPU
		{FDF5DBAD-FA13-46E0-B68D-238FE440C2E5}.Debug|Any CPU.Build.0 = Debug|Any CPU
		{FDF5DBAD-FA13-46E0-B68D-238FE440C2E5}.Release|Any CPU.ActiveCfg = Release|Any CPU
		{FDF5DBAD-FA13-46E0-B68D-238FE440C2E5}.Release|Any CPU.Build.0 = Release|Any CPU
	EndGlobalSection
	GlobalSection(SolutionProperties) = preSolution
		HideSolutionNode = FALSE
	EndGlobalSection
	GlobalSection(ExtensibilityGlobals) = postSolution
		SolutionGuid = {B3D4B7AD-BE09-4E33-B74E-9928B61C64A7}
	EndGlobalSection
EndGlobal
